lockfileVersion: '6.0'

settings:
  autoInstallPeers: true
  excludeLinksFromLockfile: false

importers:

  .:
    dependencies:
      turbo:
        specifier: 1.13.2
        version: 1.13.2
    devDependencies:
      '@biomejs/biome':
        specifier: 1.6.4
        version: 1.6.4
      typescript:
        specifier: 5.4.5
        version: 5.4.5

  packages/carbon: {}

packages:

  /@biomejs/biome@1.6.4:
    resolution: {integrity: sha512-3groVd2oWsLC0ZU+XXgHSNbq31lUcOCBkCcA7sAQGBopHcmL+jmmdoWlY3S61zIh+f2mqQTQte1g6PZKb3JJjA==}
    engines: {node: '>=14.21.3'}
    hasBin: true
    requiresBuild: true
    optionalDependencies:
      '@biomejs/cli-darwin-arm64': 1.6.4
      '@biomejs/cli-darwin-x64': 1.6.4
      '@biomejs/cli-linux-arm64': 1.6.4
      '@biomejs/cli-linux-arm64-musl': 1.6.4
      '@biomejs/cli-linux-x64': 1.6.4
      '@biomejs/cli-linux-x64-musl': 1.6.4
      '@biomejs/cli-win32-arm64': 1.6.4
      '@biomejs/cli-win32-x64': 1.6.4
    dev: true

  /@biomejs/cli-darwin-arm64@1.6.4:
    resolution: {integrity: sha512-2WZef8byI9NRzGajGj5RTrroW9BxtfbP9etigW1QGAtwu/6+cLkdPOWRAs7uFtaxBNiKFYA8j/BxV5zeAo5QOQ==}
    engines: {node: '>=14.21.3'}
    cpu: [arm64]
    os: [darwin]
    requiresBuild: true
    dev: true
    optional: true

  /@biomejs/cli-darwin-x64@1.6.4:
    resolution: {integrity: sha512-uo1zgM7jvzcoDpF6dbGizejDLCqNpUIRkCj/oEK0PB0NUw8re/cn1EnxuOLZqDpn+8G75COLQTOx8UQIBBN/Kg==}
    engines: {node: '>=14.21.3'}
    cpu: [x64]
    os: [darwin]
    requiresBuild: true
    dev: true
    optional: true

  /@biomejs/cli-linux-arm64-musl@1.6.4:
    resolution: {integrity: sha512-Hp8Jwt6rjj0wCcYAEN6/cfwrrPLLlGOXZ56Lei4Pt4jy39+UuPeAVFPeclrrCfxyL1wQ2xPrhd/saTHSL6DoJg==}
    engines: {node: '>=14.21.3'}
    cpu: [arm64]
    os: [linux]
    requiresBuild: true
    dev: true
    optional: true

  /@biomejs/cli-linux-arm64@1.6.4:
    resolution: {integrity: sha512-wAOieaMNIpLrxGc2/xNvM//CIZg7ueWy3V5A4T7gDZ3OL/Go27EKE59a+vMKsBCYmTt7jFl4yHz0TUkUbodA/w==}
    engines: {node: '>=14.21.3'}
    cpu: [arm64]
    os: [linux]
    requiresBuild: true
    dev: true
    optional: true

  /@biomejs/cli-linux-x64-musl@1.6.4:
    resolution: {integrity: sha512-wqi0hr8KAx5kBO0B+m5u8QqiYFFBJOSJVSuRqTeGWW+GYLVUtXNidykNqf1JsW6jJDpbkSp2xHKE/bTlVaG2Kg==}
    engines: {node: '>=14.21.3'}
    cpu: [x64]
    os: [linux]
    requiresBuild: true
    dev: true
    optional: true

  /@biomejs/cli-linux-x64@1.6.4:
    resolution: {integrity: sha512-qTWhuIw+/ePvOkjE9Zxf5OqSCYxtAvcTJtVmZT8YQnmY2I62JKNV2m7tf6O5ViKZUOP0mOQ6NgqHKcHH1eT8jw==}
    engines: {node: '>=14.21.3'}
    cpu: [x64]
    os: [linux]
    requiresBuild: true
    dev: true
    optional: true

  /@biomejs/cli-win32-arm64@1.6.4:
    resolution: {integrity: sha512-Wp3FiEeF6v6C5qMfLkHwf4YsoNHr/n0efvoC8jCKO/kX05OXaVExj+1uVQ1eGT7Pvx0XVm/TLprRO0vq/V6UzA==}
    engines: {node: '>=14.21.3'}
    cpu: [arm64]
    os: [win32]
    requiresBuild: true
    dev: true
    optional: true

  /@biomejs/cli-win32-x64@1.6.4:
    resolution: {integrity: sha512-mz183Di5hTSGP7KjNWEhivcP1wnHLGmOxEROvoFsIxMYtDhzJDad4k5gI/1JbmA0xe4n52vsgqo09tBhrMT/Zg==}
    engines: {node: '>=14.21.3'}
    cpu: [x64]
    os: [win32]
    requiresBuild: true
    dev: true
    optional: true

  /turbo-darwin-64@1.13.2:
    resolution: {integrity: sha512-CCSuD8CfmtncpohCuIgq7eAzUas0IwSbHfI8/Q3vKObTdXyN8vAo01gwqXjDGpzG9bTEVedD0GmLbD23dR0MLA==}
    cpu: [x64]
    os: [darwin]
    requiresBuild: true
    dev: false
    optional: true

  /turbo-darwin-arm64@1.13.2:
    resolution: {integrity: sha512-0HySm06/D2N91rJJ89FbiI/AodmY8B3WDSFTVEpu2+8spUw7hOJ8okWOT0e5iGlyayUP9gr31eOeL3VFZkpfCw==}
    cpu: [arm64]
    os: [darwin]
    requiresBuild: true
    dev: false
    optional: true

  /turbo-linux-64@1.13.2:
    resolution: {integrity: sha512-7HnibgbqZrjn4lcfIouzlPu8ZHSBtURG4c7Bedu7WJUDeZo+RE1crlrQm8wuwO54S0siYqUqo7GNHxu4IXbioQ==}
    cpu: [x64]
    os: [linux]
    requiresBuild: true
    dev: false
    optional: true

  /turbo-linux-arm64@1.13.2:
    resolution: {integrity: sha512-sUq4dbpk6SNKg/Hkwn256Vj2AEYSQdG96repio894h5/LEfauIK2QYiC/xxAeW3WBMc6BngmvNyURIg7ltrePg==}
    cpu: [arm64]
    os: [linux]
    requiresBuild: true
    dev: false
    optional: true

  /turbo-windows-64@1.13.2:
    resolution: {integrity: sha512-DqzhcrciWq3dpzllJR2VVIyOhSlXYCo4mNEWl98DJ3FZ08PEzcI3ceudlH6F0t/nIcfSItK1bDP39cs7YoZHEA==}
    cpu: [x64]
    os: [win32]
    requiresBuild: true
    dev: false
    optional: true

  /turbo-windows-arm64@1.13.2:
    resolution: {integrity: sha512-WnPMrwfCXxK69CdDfS1/j2DlzcKxSmycgDAqV0XCYpK/812KB0KlvsVAt5PjEbZGXkY88pCJ1BLZHAjF5FcbqA==}
    cpu: [arm64]
    os: [win32]
    requiresBuild: true
    dev: false
    optional: true

  /turbo@1.13.2:
    resolution: {integrity: sha512-rX/d9f4MgRT3yK6cERPAkfavIxbpBZowDQpgvkYwGMGDQ0Nvw1nc0NVjruE76GrzXQqoxR1UpnmEP54vBARFHQ==}
    hasBin: true
    optionalDependencies:
      turbo-darwin-64: 1.13.2
      turbo-darwin-arm64: 1.13.2
      turbo-linux-64: 1.13.2
      turbo-linux-arm64: 1.13.2
      turbo-windows-64: 1.13.2
      turbo-windows-arm64: 1.13.2
    dev: false

  /typescript@5.4.5:
    resolution: {integrity: sha512-vcI4UpRgg81oIRUFwR0WSIHKt11nJ7SAVlYNIu+QpqeyXP+gpQJy/Z4+F0aGxSE4MqwjyXvW/TzgkLAx2AGHwQ==}
    engines: {node: '>=14.17'}
    hasBin: true
    dev: true
